// !$*UTF8*$!
{
	archiveVersion = 1;
	classes = {
	};
	objectVersion = 56;
	objects = {

/* Begin PBXBuildFile section */
		07EA83652C24A33A007F37AE /* Getaround_testApp.swift in Sources */ = {isa = PBXBuildFile; fileRef = 07EA83642C24A33A007F37AE /* Getaround_testApp.swift */; };
		07EA83672C24A33A007F37AE /* MainView.swift in Sources */ = {isa = PBXBuildFile; fileRef = 07EA83662C24A33A007F37AE /* MainView.swift */; };
		07EA83692C24A33C007F37AE /* Assets.xcassets in Resources */ = {isa = PBXBuildFile; fileRef = 07EA83682C24A33C007F37AE /* Assets.xcassets */; };
		07EA836D2C24A33C007F37AE /* Preview Assets.xcassets in Resources */ = {isa = PBXBuildFile; fileRef = 07EA836C2C24A33C007F37AE /* Preview Assets.xcassets */; };
		07EA83782C24A500007F37AE /* APIService.swift in Sources */ = {isa = PBXBuildFile; fileRef = 07EA83772C24A4FF007F37AE /* APIService.swift */; };
		07EA837A2C24A539007F37AE /* Car.swift in Sources */ = {isa = PBXBuildFile; fileRef = 07EA83792C24A539007F37AE /* Car.swift */; };
		07EA837C2C24A613007F37AE /* Rating.swift in Sources */ = {isa = PBXBuildFile; fileRef = 07EA837B2C24A613007F37AE /* Rating.swift */; };
		07EA837E2C24A62F007F37AE /* Owner.swift in Sources */ = {isa = PBXBuildFile; fileRef = 07EA837D2C24A62F007F37AE /* Owner.swift */; };
		07EA83802C24AA63007F37AE /* MainViewViewModel.swift in Sources */ = {isa = PBXBuildFile; fileRef = 07EA837F2C24AA63007F37AE /* MainViewViewModel.swift */; };
		07EA83852C257C04007F37AE /* CarImageView.swift in Sources */ = {isa = PBXBuildFile; fileRef = 07EA83842C257C04007F37AE /* CarImageView.swift */; };
		07EA83872C257DA5007F37AE /* RatingView.swift in Sources */ = {isa = PBXBuildFile; fileRef = 07EA83862C257DA5007F37AE /* RatingView.swift */; };
/* End PBXBuildFile section */

/* Begin PBXFileReference section */
		07EA83612C24A33A007F37AE /* Getaround-test.app */ = {isa = PBXFileReference; explicitFileType = wrapper.application; includeInIndex = 0; path = "Getaround-test.app"; sourceTree = BUILT_PRODUCTS_DIR; };
		07EA83642C24A33A007F37AE /* Getaround_testApp.swift */ = {isa = PBXFileReference; lastKnownFileType = sourcecode.swift; path = Getaround_testApp.swift; sourceTree = "<group>"; };
		07EA83662C24A33A007F37AE /* MainView.swift */ = {isa = PBXFileReference; lastKnownFileType = sourcecode.swift; path = MainView.swift; sourceTree = "<group>"; };
		07EA83682C24A33C007F37AE /* Assets.xcassets */ = {isa = PBXFileReference; lastKnownFileType = folder.assetcatalog; path = Assets.xcassets; sourceTree = "<group>"; };
		07EA836A2C24A33C007F37AE /* Getaround_test.entitlements */ = {isa = PBXFileReference; lastKnownFileType = text.plist.entitlements; path = Getaround_test.entitlements; sourceTree = "<group>"; };
		07EA836C2C24A33C007F37AE /* Preview Assets.xcassets */ = {isa = PBXFileReference; lastKnownFileType = folder.assetcatalog; path = "Preview Assets.xcassets"; sourceTree = "<group>"; };
		07EA83772C24A4FF007F37AE /* APIService.swift */ = {isa = PBXFileReference; lastKnownFileType = sourcecode.swift; path = APIService.swift; sourceTree = "<group>"; };
		07EA83792C24A539007F37AE /* Car.swift */ = {isa = PBXFileReference; lastKnownFileType = sourcecode.swift; path = Car.swift; sourceTree = "<group>"; };
		07EA837B2C24A613007F37AE /* Rating.swift */ = {isa = PBXFileReference; lastKnownFileType = sourcecode.swift; path = Rating.swift; sourceTree = "<group>"; };
		07EA837D2C24A62F007F37AE /* Owner.swift */ = {isa = PBXFileReference; lastKnownFileType = sourcecode.swift; path = Owner.swift; sourceTree = "<group>"; };
		07EA837F2C24AA63007F37AE /* MainViewViewModel.swift */ = {isa = PBXFileReference; lastKnownFileType = sourcecode.swift; path = MainViewViewModel.swift; sourceTree = "<group>"; };
		07EA83842C257C04007F37AE /* CarImageView.swift */ = {isa = PBXFileReference; lastKnownFileType = sourcecode.swift; path = CarImageView.swift; sourceTree = "<group>"; };
		07EA83862C257DA5007F37AE /* RatingView.swift */ = {isa = PBXFileReference; lastKnownFileType = sourcecode.swift; path = RatingView.swift; sourceTree = "<group>"; };
/* End PBXFileReference section */

/* Begin PBXFrameworksBuildPhase section */
		07EA835E2C24A33A007F37AE /* Frameworks */ = {
			isa = PBXFrameworksBuildPhase;
			buildActionMask = 2147483647;
			files = (
			);
			runOnlyForDeploymentPostprocessing = 0;
		};
/* End PBXFrameworksBuildPhase section */

/* Begin PBXGroup section */
		07EA83582C24A33A007F37AE = {
			isa = PBXGroup;
			children = (
				07EA83632C24A33A007F37AE /* Getaround-test */,
				07EA83622C24A33A007F37AE /* Products */,
			);
			sourceTree = "<group>";
		};
		07EA83622C24A33A007F37AE /* Products */ = {
			isa = PBXGroup;
			children = (
				07EA83612C24A33A007F37AE /* Getaround-test.app */,
			);
			name = Products;
			sourceTree = "<group>";
		};
		07EA83632C24A33A007F37AE /* Getaround-test */ = {
			isa = PBXGroup;
			children = (
				07EA83832C257BED007F37AE /* components */,
				07EA83752C24A4C4007F37AE /* api */,
				07EA83762C24A4CB007F37AE /* model */,
				07EA83742C24A4BF007F37AE /* views */,
				07EA83732C24A4B7007F37AE /* viewModels */,
				07EA83642C24A33A007F37AE /* Getaround_testApp.swift */,
				07EA83682C24A33C007F37AE /* Assets.xcassets */,
				07EA836A2C24A33C007F37AE /* Getaround_test.entitlements */,
				07EA836B2C24A33C007F37AE /* Preview Content */,
			);
			path = "Getaround-test";
			sourceTree = "<group>";
		};
		07EA836B2C24A33C007F37AE /* Preview Content */ = {
			isa = PBXGroup;
			children = (
				07EA836C2C24A33C007F37AE /* Preview Assets.xcassets */,
			);
			path = "Preview Content";
			sourceTree = "<group>";
		};
		07EA83732C24A4B7007F37AE /* viewModels */ = {
			isa = PBXGroup;
			children = (
				07EA837F2C24AA63007F37AE /* MainViewViewModel.swift */,
			);
			path = viewModels;
			sourceTree = "<group>";
		};
		07EA83742C24A4BF007F37AE /* views */ = {
			isa = PBXGroup;
			children = (
				07EA83662C24A33A007F37AE /* MainView.swift */,
			);
			path = views;
			sourceTree = "<group>";
		};
		07EA83752C24A4C4007F37AE /* api */ = {
			isa = PBXGroup;
			children = (
				07EA83772C24A4FF007F37AE /* APIService.swift */,
			);
			path = api;
			sourceTree = "<group>";
		};
		07EA83762C24A4CB007F37AE /* model */ = {
			isa = PBXGroup;
			children = (
				07EA83792C24A539007F37AE /* Car.swift */,
				07EA837B2C24A613007F37AE /* Rating.swift */,
				07EA837D2C24A62F007F37AE /* Owner.swift */,
			);
			path = model;
			sourceTree = "<group>";
		};
		07EA83832C257BED007F37AE /* components */ = {
			isa = PBXGroup;
			children = (
				07EA83842C257C04007F37AE /* CarImageView.swift */,
				07EA83862C257DA5007F37AE /* RatingView.swift */,
			);
			path = components;
			sourceTree = "<group>";
		};
/* End PBXGroup section */

/* Begin PBXNativeTarget section */
		07EA83602C24A33A007F37AE /* Getaround-test */ = {
			isa = PBXNativeTarget;
			buildConfigurationList = 07EA83702C24A33C007F37AE /* Build configuration list for PBXNativeTarget "Getaround-test" */;
			buildPhases = (
				07EA835D2C24A33A007F37AE /* Sources */,
				07EA835E2C24A33A007F37AE /* Frameworks */,
				07EA835F2C24A33A007F37AE /* Resources */,
			);
			buildRules = (
			);
			dependencies = (
			);
			name = "Getaround-test";
			productName = "Getaround-test";
			productReference = 07EA83612C24A33A007F37AE /* Getaround-test.app */;
			productType = "com.apple.product-type.application";
		};
/* End PBXNativeTarget section */

/* Begin PBXProject section */
		07EA83592C24A33A007F37AE /* Project object */ = {
			isa = PBXProject;
			attributes = {
				BuildIndependentTargetsInParallel = 1;
				LastSwiftUpdateCheck = 1540;
				LastUpgradeCheck = 1540;
				TargetAttributes = {
					07EA83602C24A33A007F37AE = {
						CreatedOnToolsVersion = 15.4;
					};
				};
			};
			buildConfigurationList = 07EA835C2C24A33A007F37AE /* Build configuration list for PBXProject "Getaround-test" */;
			compatibilityVersion = "Xcode 14.0";
			developmentRegion = en;
			hasScannedForEncodings = 0;
			knownRegions = (
				en,
				Base,
			);
			mainGroup = 07EA83582C24A33A007F37AE;
			productRefGroup = 07EA83622C24A33A007F37AE /* Products */;
			projectDirPath = "";
			projectRoot = "";
			targets = (
				07EA83602C24A33A007F37AE /* Getaround-test */,
			);
		};
/* End PBXProject section */

/* Begin PBXResourcesBuildPhase section */
		07EA835F2C24A33A007F37AE /* Resources */ = {
			isa = PBXResourcesBuildPhase;
			buildActionMask = 2147483647;
			files = (
				07EA836D2C24A33C007F37AE /* Preview Assets.xcassets in Resources */,
				07EA83692C24A33C007F37AE /* Assets.xcassets in Resources */,
			);
			runOnlyForDeploymentPostprocessing = 0;
		};
/* End PBXResourcesBuildPhase section */

/* Begin PBXSourcesBuildPhase section */
		07EA835D2C24A33A007F37AE /* Sources */ = {
			isa = PBXSourcesBuildPhase;
			buildActionMask = 2147483647;
			files = (
				07EA83782C24A500007F37AE /* APIService.swift in Sources */,
				07EA83852C257C04007F37AE /* CarImageView.swift in Sources */,
				07EA837E2C24A62F007F37AE /* Owner.swift in Sources */,
				07EA83872C257DA5007F37AE /* RatingView.swift in Sources */,
				07EA83802C24AA63007F37AE /* MainViewViewModel.swift in Sources */,
				07EA83672C24A33A007F37AE /* MainView.swift in Sources */,
				07EA837C2C24A613007F37AE /* Rating.swift in Sources */,
				07EA837A2C24A539007F37AE /* Car.swift in Sources */,
				07EA83652C24A33A007F37AE /* Getaround_testApp.swift in Sources */,
			);
			runOnlyForDeploymentPostprocessing = 0;
		};
/* End PBXSourcesBuildPhase section */

/* Begin XCBuildConfiguration section */
		07EA836E2C24A33C007F37AE /* Debug */ = {
			isa = XCBuildConfiguration;
			buildSettings = {
				ALWAYS_SEARCH_USER_PATHS = NO;
				ASSETCATALOG_COMPILER_GENERATE_SWIFT_ASSET_SYMBOL_EXTENSIONS = YES;
				CLANG_ANALYZER_NONNULL = YES;
				CLANG_ANALYZER_NUMBER_OBJECT_CONVERSION = YES_AGGRESSIVE;
				CLANG_CXX_LANGUAGE_STANDARD = "gnu++20";
				CLANG_ENABLE_MODULES = YES;
				CLANG_ENABLE_OBJC_ARC = YES;
				CLANG_ENABLE_OBJC_WEAK = YES;
				CLANG_WARN_BLOCK_CAPTURE_AUTORELEASING = YES;
				CLANG_WARN_BOOL_CONVERSION = YES;
				CLANG_WARN_COMMA = YES;
				CLANG_WARN_CONSTANT_CONVERSION = YES;
				CLANG_WARN_DEPRECATED_OBJC_IMPLEMENTATIONS = YES;
				CLANG_WARN_DIRECT_OBJC_ISA_USAGE = YES_ERROR;
				CLANG_WARN_DOCUMENTATION_COMMENTS = YES;
				CLANG_WARN_EMPTY_BODY = YES;
				CLANG_WARN_ENUM_CONVERSION = YES;
				CLANG_WARN_INFINITE_RECURSION = YES;
				CLANG_WARN_INT_CONVERSION = YES;
				CLANG_WARN_NON_LITERAL_NULL_CONVERSION = YES;
				CLANG_WARN_OBJC_IMPLICIT_RETAIN_SELF = YES;
				CLANG_WARN_OBJC_LITERAL_CONVERSION = YES;
				CLANG_WARN_OBJC_ROOT_CLASS = YES_ERROR;
				CLANG_WARN_QUOTED_INCLUDE_IN_FRAMEWORK_HEADER = YES;
				CLANG_WARN_RANGE_LOOP_ANALYSIS = YES;
				CLANG_WARN_STRICT_PROTOTYPES = YES;
				CLANG_WARN_SUSPICIOUS_MOVE = YES;
				CLANG_WARN_UNGUARDED_AVAILABILITY = YES_AGGRESSIVE;
				CLANG_WARN_UNREACHABLE_CODE = YES;
				CLANG_WARN__DUPLICATE_METHOD_MATCH = YES;
				COPY_PHASE_STRIP = NO;
				DEBUG_INFORMATION_FORMAT = dwarf;
				ENABLE_STRICT_OBJC_MSGSEND = YES;
				ENABLE_TESTABILITY = YES;
				ENABLE_USER_SCRIPT_SANDBOXING = YES;
				GCC_C_LANGUAGE_STANDARD = gnu17;
				GCC_DYNAMIC_NO_PIC = NO;
				GCC_NO_COMMON_BLOCKS = YES;
				GCC_OPTIMIZATION_LEVEL = 0;
				GCC_PREPROCESSOR_DEFINITIONS = (
					"DEBUG=1",
					"$(inherited)",
				);
				GCC_WARN_64_TO_32_BIT_CONVERSION = YES;
				GCC_WARN_ABOUT_RETURN_TYPE = YES_ERROR;
				GCC_WARN_UNDECLARED_SELECTOR = YES;
				GCC_WARN_UNINITIALIZED_AUTOS = YES_AGGRESSIVE;
				GCC_WARN_UNUSED_FUNCTION = YES;
				GCC_WARN_UNUSED_VARIABLE = YES;
				LOCALIZATION_PREFERS_STRING_CATALOGS = YES;
				MTL_ENABLE_DEBUG_INFO = INCLUDE_SOURCE;
				MTL_FAST_MATH = YES;
				ONLY_ACTIVE_ARCH = YES;
				SWIFT_ACTIVE_COMPILATION_CONDITIONS = "DEBUG $(inherited)";
				SWIFT_OPTIMIZATION_LEVEL = "-Onone";
			};
			name = Debug;
		};
		07EA836F2C24A33C007F37AE /* Release */ = {
			isa = XCBuildConfiguration;
			buildSettings = {
				ALWAYS_SEARCH_USER_PATHS = NO;
				ASSETCATALOG_COMPILER_GENERATE_SWIFT_ASSET_SYMBOL_EXTENSIONS = YES;
				CLANG_ANALYZER_NONNULL = YES;
				CLANG_ANALYZER_NUMBER_OBJECT_CONVERSION = YES_AGGRESSIVE;
				CLANG_CXX_LANGUAGE_STANDARD = "gnu++20";
				CLANG_ENABLE_MODULES = YES;
				CLANG_ENABLE_OBJC_ARC = YES;
				CLANG_ENABLE_OBJC_WEAK = YES;
				CLANG_WARN_BLOCK_CAPTURE_AUTORELEASING = YES;
				CLANG_WARN_BOOL_CONVERSION = YES;
				CLANG_WARN_COMMA = YES;
				CLANG_WARN_CONSTANT_CONVERSION = YES;
				CLANG_WARN_DEPRECATED_OBJC_IMPLEMENTATIONS = YES;
				CLANG_WARN_DIRECT_OBJC_ISA_USAGE = YES_ERROR;
				CLANG_WARN_DOCUMENTATION_COMMENTS = YES;
				CLANG_WARN_EMPTY_BODY = YES;
				CLANG_WARN_ENUM_CONVERSION = YES;
				CLANG_WARN_INFINITE_RECURSION = YES;
				CLANG_WARN_INT_CONVERSION = YES;
				CLANG_WARN_NON_LITERAL_NULL_CONVERSION = YES;
				CLANG_WARN_OBJC_IMPLICIT_RETAIN_SELF = YES;
				CLANG_WARN_OBJC_LITERAL_CONVERSION = YES;
				CLANG_WARN_OBJC_ROOT_CLASS = YES_ERROR;
				CLANG_WARN_QUOTED_INCLUDE_IN_FRAMEWORK_HEADER = YES;
				CLANG_WARN_RANGE_LOOP_ANALYSIS = YES;
				CLANG_WARN_STRICT_PROTOTYPES = YES;
				CLANG_WARN_SUSPICIOUS_MOVE = YES;
				CLANG_WARN_UNGUARDED_AVAILABILITY = YES_AGGRESSIVE;
				CLANG_WARN_UNREACHABLE_CODE = YES;
				CLANG_WARN__DUPLICATE_METHOD_MATCH = YES;
				COPY_PHASE_STRIP = NO;
				DEBUG_INFORMATION_FORMAT = "dwarf-with-dsym";
				ENABLE_NS_ASSERTIONS = NO;
				ENABLE_STRICT_OBJC_MSGSEND = YES;
				ENABLE_USER_SCRIPT_SANDBOXING = YES;
				GCC_C_LANGUAGE_STANDARD = gnu17;
				GCC_NO_COMMON_BLOCKS = YES;
				GCC_WARN_64_TO_32_BIT_CONVERSION = YES;
				GCC_WARN_ABOUT_RETURN_TYPE = YES_ERROR;
				GCC_WARN_UNDECLARED_SELECTOR = YES;
				GCC_WARN_UNINITIALIZED_AUTOS = YES_AGGRESSIVE;
				GCC_WARN_UNUSED_FUNCTION = YES;
				GCC_WARN_UNUSED_VARIABLE = YES;
				LOCALIZATION_PREFERS_STRING_CATALOGS = YES;
				MTL_ENABLE_DEBUG_INFO = NO;
				MTL_FAST_MATH = YES;
				SWIFT_COMPILATION_MODE = wholemodule;
			};
			name = Release;
		};
		07EA83712C24A33C007F37AE /* Debug */ = {
			isa = XCBuildConfiguration;
			buildSettings = {
				ASSETCATALOG_COMPILER_APPICON_NAME = AppIcon;
				ASSETCATALOG_COMPILER_GLOBAL_ACCENT_COLOR_NAME = AccentColor;
				CODE_SIGN_ENTITLEMENTS = "Getaround-test/Getaround_test.entitlements";
				CODE_SIGN_STYLE = Automatic;
				CURRENT_PROJECT_VERSION = 1;
				DEVELOPMENT_ASSET_PATHS = "\"Getaround-test/Preview Content\"";
				DEVELOPMENT_TEAM = XP75Y9FMCX;
				ENABLE_HARDENED_RUNTIME = YES;
				ENABLE_PREVIEWS = YES;
				GENERATE_INFOPLIST_FILE = YES;
				"INFOPLIST_KEY_UIApplicationSceneManifest_Generation[sdk=iphoneos*]" = YES;
				"INFOPLIST_KEY_UIApplicationSceneManifest_Generation[sdk=iphonesimulator*]" = YES;
				"INFOPLIST_KEY_UIApplicationSupportsIndirectInputEvents[sdk=iphoneos*]" = YES;
				"INFOPLIST_KEY_UIApplicationSupportsIndirectInputEvents[sdk=iphonesimulator*]" = YES;
				"INFOPLIST_KEY_UILaunchScreen_Generation[sdk=iphoneos*]" = YES;
				"INFOPLIST_KEY_UILaunchScreen_Generation[sdk=iphonesimulator*]" = YES;
				"INFOPLIST_KEY_UIStatusBarStyle[sdk=iphoneos*]" = UIStatusBarStyleDefault;
				"INFOPLIST_KEY_UIStatusBarStyle[sdk=iphonesimulator*]" = UIStatusBarStyleDefault;
				INFOPLIST_KEY_UISupportedInterfaceOrientations_iPad = "UIInterfaceOrientationPortrait UIInterfaceOrientationPortraitUpsideDown UIInterfaceOrientationLandscapeLeft UIInterfaceOrientationLandscapeRight";
				INFOPLIST_KEY_UISupportedInterfaceOrientations_iPhone = "UIInterfaceOrientationPortrait UIInterfaceOrientationLandscapeLeft UIInterfaceOrientationLandscapeRight";
				IPHONEOS_DEPLOYMENT_TARGET = 15.0;
				LD_RUNPATH_SEARCH_PATHS = "@executable_path/Frameworks";
				"LD_RUNPATH_SEARCH_PATHS[sdk=macosx*]" = "@executable_path/../Frameworks";
				MACOSX_DEPLOYMENT_TARGET = 14.5;
				MARKETING_VERSION = 1.0;
				PRODUCT_BUNDLE_IDENTIFIER = "jaouher.Getaround-test";
				PRODUCT_NAME = "$(TARGET_NAME)";
				SDKROOT = auto;
				SUPPORTED_PLATFORMS = "iphoneos iphonesimulator macosx";
				SWIFT_EMIT_LOC_STRINGS = YES;
				SWIFT_VERSION = 5.0;
				TARGETED_DEVICE_FAMILY = "1,2";
			};
			name = Debug;
		};
		07EA83722C24A33C007F37AE /* Release */ = {
			isa = XCBuildConfiguration;
			buildSettings = {
				ASSETCATALOG_COMPILER_APPICON_NAME = AppIcon;
				ASSETCATALOG_COMPILER_GLOBAL_ACCENT_COLOR_NAME = AccentColor;
				CODE_SIGN_ENTITLEMENTS = "Getaround-test/Getaround_test.entitlements";
				CODE_SIGN_STYLE = Automatic;
				CURRENT_PROJECT_VERSION = 1;
				DEVELOPMENT_ASSET_PATHS = "\"Getaround-test/Preview Content\"";
				DEVELOPMENT_TEAM = XP75Y9FMCX;
				ENABLE_HARDENED_RUNTIME = YES;
				ENABLE_PREVIEWS = YES;
				GENERATE_INFOPLIST_FILE = YES;
				"INFOPLIST_KEY_UIApplicationSceneManifest_Generation[sdk=iphoneos*]" = YES;
				"INFOPLIST_KEY_UIApplicationSceneManifest_Generation[sdk=iphonesimulator*]" = YES;
				"INFOPLIST_KEY_UIApplicationSupportsIndirectInputEvents[sdk=iphoneos*]" = YES;
				"INFOPLIST_KEY_UIApplicationSupportsIndirectInputEvents[sdk=iphonesimulator*]" = YES;
				"INFOPLIST_KEY_UILaunchScreen_Generation[sdk=iphoneos*]" = YES;
				"INFOPLIST_KEY_UILaunchScreen_Generation[sdk=iphonesimulator*]" = YES;
				"INFOPLIST_KEY_UIStatusBarStyle[sdk=iphoneos*]" = UIStatusBarStyleDefault;
				"INFOPLIST_KEY_UIStatusBarStyle[sdk=iphonesimulator*]" = UIStatusBarStyleDefault;
				INFOPLIST_KEY_UISupportedInterfaceOrientations_iPad = "UIInterfaceOrientationPortrait UIInterfaceOrientationPortraitUpsideDown UIInterfaceOrientationLandscapeLeft UIInterfaceOrientationLandscapeRight";
				INFOPLIST_KEY_UISupportedInterfaceOrientations_iPhone = "UIInterfaceOrientationPortrait UIInterfaceOrientationLandscapeLeft UIInterfaceOrientationLandscapeRight";
				IPHONEOS_DEPLOYMENT_TARGET = 15.0;
				LD_RUNPATH_SEARCH_PATHS = "@executable_path/Frameworks";
				"LD_RUNPATH_SEARCH_PATHS[sdk=macosx*]" = "@executable_path/../Frameworks";
				MACOSX_DEPLOYMENT_TARGET = 14.5;
				MARKETING_VERSION = 1.0;
				PRODUCT_BUNDLE_IDENTIFIER = "jaouher.Getaround-test";
				PRODUCT_NAME = "$(TARGET_NAME)";
				SDKROOT = auto;
				SUPPORTED_PLATFORMS = "iphoneos iphonesimulator macosx";
				SWIFT_EMIT_LOC_STRINGS = YES;
				SWIFT_VERSION = 5.0;
				TARGETED_DEVICE_FAMILY = "1,2";
			};
			name = Release;
		};
/* End XCBuildConfiguration section */

/* Begin XCConfigurationList section */
		07EA835C2C24A33A007F37AE /* Build configuration list for PBXProject "Getaround-test" */ = {
			isa = XCConfigurationList;
			buildConfigurations = (
				07EA836E2C24A33C007F37AE /* Debug */,
				07EA836F2C24A33C007F37AE /* Release */,
			);
			defaultConfigurationIsVisible = 0;
			defaultConfigurationName = Release;
		};
		07EA83702C24A33C007F37AE /* Build configuration list for PBXNativeTarget "Getaround-test" */ = {
			isa = XCConfigurationList;
			buildConfigurations = (
				07EA83712C24A33C007F37AE /* Debug */,
				07EA83722C24A33C007F37AE /* Release */,
			);
			defaultConfigurationIsVisible = 0;
			defaultConfigurationName = Release;
		};
/* End XCConfigurationList section */
	};
	rootObject = 07EA83592C24A33A007F37AE /* Project object */;
}
